
Microsoft Visual Studio Solution File, Format Version 11.00
# Visual Studio 2010
Project("{FAE04EC0-301F-11D3-BF4B-00C04F79EFBC}") = "VuforiaScripts", "VuforiaScripts.csproj", "{47CE118B-622B-94BE-C71E-73C54A0003E5}"
EndProject
Project("{FAE04EC0-301F-11D3-BF4B-00C04F79EFBC}") = "Assembly-CSharp", "Assembly-CSharp.csproj", "{9E5C0501-2A81-54F1-1B60-91157236F32F}"
EndProject
Project("{FAE04EC0-301F-11D3-BF4B-00C04F79EFBC}") = "VuforiaEditorScripts", "VuforiaEditorScripts.csproj", "{60D48928-710C-07C7-9852-AEFB455B8217}"
EndProject
Project("{FAE04EC0-301F-11D3-BF4B-00C04F79EFBC}") = "Assembly-CSharp-Editor", "Assembly-CSharp-Editor.csproj", "{A1743745-E08A-A3AE-2528-9E28D4B07DF5}"
EndProject
Global
	GlobalSection(SolutionConfigurationPlatforms) = preSolution
		Debug|Any CPU = Debug|Any CPU
		Release|Any CPU = Release|Any CPU
	EndGlobalSection
	GlobalSection(ProjectConfigurationPlatforms) = postSolution
		{47CE118B-622B-94BE-C71E-73C54A0003E5}.Debug|Any CPU.ActiveCfg = Debug|Any CPU
		{47CE118B-622B-94BE-C71E-73C54A0003E5}.Debug|Any CPU.Build.0 = Debug|Any CPU
		{47CE118B-622B-94BE-C71E-73C54A0003E5}.Release|Any CPU.ActiveCfg = Release|Any CPU
		{47CE118B-622B-94BE-C71E-73C54A0003E5}.Release|Any CPU.Build.0 = Release|Any CPU
		{9E5C0501-2A81-54F1-1B60-91157236F32F}.Debug|Any CPU.ActiveCfg = Debug|Any CPU
		{9E5C0501-2A81-54F1-1B60-91157236F32F}.Debug|Any CPU.Build.0 = Debug|Any CPU
		{9E5C0501-2A81-54F1-1B60-91157236F32F}.Release|Any CPU.ActiveCfg = Release|Any CPU
		{9E5C0501-2A81-54F1-1B60-91157236F32F}.Release|Any CPU.Build.0 = Release|Any CPU
		{60D48928-710C-07C7-9852-AEFB455B8217}.Debug|Any CPU.ActiveCfg = Debug|Any CPU
		{60D48928-710C-07C7-9852-AEFB455B8217}.Debug|Any CPU.Build.0 = Debug|Any CPU
		{60D48928-710C-07C7-9852-AEFB455B8217}.Release|Any CPU.ActiveCfg = Release|Any CPU
		{60D48928-710C-07C7-9852-AEFB455B8217}.Release|Any CPU.Build.0 = Release|Any CPU
		{A1743745-E08A-A3AE-2528-9E28D4B07DF5}.Debug|Any CPU.ActiveCfg = Debug|Any CPU
		{A1743745-E08A-A3AE-2528-9E28D4B07DF5}.Debug|Any CPU.Build.0 = Debug|Any CPU
		{A1743745-E08A-A3AE-2528-9E28D4B07DF5}.Release|Any CPU.ActiveCfg = Release|Any CPU
		{A1743745-E08A-A3AE-2528-9E28D4B07DF5}.Release|Any CPU.Build.0 = Release|Any CPU
	EndGlobalSection
	GlobalSection(SolutionProperties) = preSolution
		HideSolutionNode = FALSE
	EndGlobalSection
	GlobalSection(MonoDevelopProperties) = preSolution
		StartupItem = Assembly-CSharp.csproj
	EndGlobalSection
EndGlobal
